
Microsoft Visual Studio Solution File, Format Version 12.00
# Visual Studio Version 16
VisualStudioVersion = 16.0.29920.165
MinimumVisualStudioVersion = 10.0.40219.1
Project("{8BC9CEB8-8B4A-11D0-8D11-00A0C91BC942}") = "back_!_day", "back_!_day\back_!_day.vcxproj", "{A3E2B8B8-1389-4AFC-87E5-B64E93D46D6B}"
EndProject
Global
	GlobalSection(SolutionConfigurationPlatforms) = preSolution
		Debug|x64 = Debug|x64
		Debug|x86 = Debug|x86
		Release|x64 = Release|x64
		Release|x86 = Release|x86
	EndGlobalSection
	GlobalSection(ProjectConfigurationPlatforms) = postSolution
		{A3E2B8B8-1389-4AFC-87E5-B64E93D46D6B}.Debug|x64.ActiveCfg = Debug|x64
		{A3E2B8B8-1389-4AFC-87E5-B64E93D46D6B}.Debug|x64.Build.0 = Debug|x64
		{A3E2B8B8-1389-4AFC-87E5-B64E93D46D6B}.Debug|x86.ActiveCfg = Debug|Win32
		{A3E2B8B8-1389-4AFC-87E5-B64E93D46D6B}.Debug|x86.Build.0 = Debug|Win32
		{A3E2B8B8-1389-4AFC-87E5-B64E93D46D6B}.Release|x64.ActiveCfg = Release|x64
		{A3E2B8B8-1389-4AFC-87E5-B64E93D46D6B}.Release|x64.Build.0 = Release|x64
		{A3E2B8B8-1389-4AFC-87E5-B64E93D46D6B}.Release|x86.ActiveCfg = Release|Win32
		{A3E2B8B8-1389-4AFC-87E5-B64E93D46D6B}.Release|x86.Build.0 = Release|Win32
	EndGlobalSection
	GlobalSection(SolutionProperties) = preSolution
		HideSolutionNode = FALSE
	EndGlobalSection
	GlobalSection(ExtensibilityGlobals) = postSolution
		SolutionGuid = {3C06A17C-44DB-4BE7-9240-061F14CFF040}
	EndGlobalSection
EndGlobal
